
Microsoft Visual Studio Solution File, Format Version 12.00
# Visual Studio 2013
VisualStudioVersion = 12.0.31101.0
MinimumVisualStudioVersion = 10.0.40219.1
Project("{FAE04EC0-301F-11D3-BF4B-00C04F79EFBC}") = "LSShipMis_Ship", "LSShipMis_Ship\LSShipMis_Ship.csproj", "{8B110A0E-5B6F-4FF7-AAB1-D4DC8656DAD5}"
	ProjectSection(ProjectDependencies) = postProject
		{29054537-A964-4E7E-841B-63FB4F649CEA} = {29054537-A964-4E7E-841B-63FB4F649CEA}
		{25AD1C38-D42C-4061-88D9-CECB92F36B9C} = {25AD1C38-D42C-4061-88D9-CECB92F36B9C}
		{5256114F-D96D-4FA5-AD34-16D9D120C0E1} = {5256114F-D96D-4FA5-AD34-16D9D120C0E1}
		{4B1A8C51-9639-4461-BC21-0CA009C4585D} = {4B1A8C51-9639-4461-BC21-0CA009C4585D}
		{C2CCA66C-4563-4E3A-AE91-2944C4CB4591} = {C2CCA66C-4563-4E3A-AE91-2944C4CB4591}
		{982FE57C-67B8-49E3-B7D0-A31B869C7584} = {982FE57C-67B8-49E3-B7D0-A31B869C7584}
		{2DE1C7A7-8078-456D-BFFB-B54AE234F893} = {2DE1C7A7-8078-456D-BFFB-B54AE234F893}
		{EE9387AF-7AED-494C-B8D0-49B1C89132A6} = {EE9387AF-7AED-494C-B8D0-49B1C89132A6}
		{0AEB1FBC-6588-4EF9-8A44-A87597E71822} = {0AEB1FBC-6588-4EF9-8A44-A87597E71822}
		{71F49CE3-707D-409D-9796-48743BE13003} = {71F49CE3-707D-409D-9796-48743BE13003}
		{E5DC4FED-1766-4F6A-B60B-86D148D3221D} = {E5DC4FED-1766-4F6A-B60B-86D148D3221D}
		{C60CF8F1-A150-4161-B40D-4BDCBB6C2A43} = {C60CF8F1-A150-4161-B40D-4BDCBB6C2A43}
	EndProjectSection
EndProject
Project("{FAE04EC0-301F-11D3-BF4B-00C04F79EFBC}") = "BaseInfo", "BaseInfo\BaseInfo.csproj", "{71F49CE3-707D-409D-9796-48743BE13003}"
	ProjectSection(ProjectDependencies) = postProject
		{E7C6132D-8312-4579-A384-2FCDB6C64E8C} = {E7C6132D-8312-4579-A384-2FCDB6C64E8C}
		{EE9387AF-7AED-494C-B8D0-49B1C89132A6} = {EE9387AF-7AED-494C-B8D0-49B1C89132A6}
		{0AEB1FBC-6588-4EF9-8A44-A87597E71822} = {0AEB1FBC-6588-4EF9-8A44-A87597E71822}
	EndProjectSection
EndProject
Project("{FAE04EC0-301F-11D3-BF4B-00C04F79EFBC}") = "CommonOperation", "CommonOperation\CommonOperation.csproj", "{EE9387AF-7AED-494C-B8D0-49B1C89132A6}"
EndProject
Project("{FAE04EC0-301F-11D3-BF4B-00C04F79EFBC}") = "CommonViewer", "CommonViewer\CommonViewer.csproj", "{0AEB1FBC-6588-4EF9-8A44-A87597E71822}"
EndProject
Project("{FAE04EC0-301F-11D3-BF4B-00C04F79EFBC}") = "LSShipMis_Land", "LSShipMis_Land\LSShipMis_Land.csproj", "{61526F8D-6451-4C2A-8D01-F4CC77D4DB30}"
	ProjectSection(ProjectDependencies) = postProject
		{29054537-A964-4E7E-841B-63FB4F649CEA} = {29054537-A964-4E7E-841B-63FB4F649CEA}
		{25AD1C38-D42C-4061-88D9-CECB92F36B9C} = {25AD1C38-D42C-4061-88D9-CECB92F36B9C}
		{5256114F-D96D-4FA5-AD34-16D9D120C0E1} = {5256114F-D96D-4FA5-AD34-16D9D120C0E1}
		{4B1A8C51-9639-4461-BC21-0CA009C4585D} = {4B1A8C51-9639-4461-BC21-0CA009C4585D}
		{064B585D-F342-458B-B83E-007A87158E63} = {064B585D-F342-458B-B83E-007A87158E63}
		{A5A38561-8A4D-41D3-91ED-AB66F2501A84} = {A5A38561-8A4D-41D3-91ED-AB66F2501A84}
		{C2CCA66C-4563-4E3A-AE91-2944C4CB4591} = {C2CCA66C-4563-4E3A-AE91-2944C4CB4591}
		{982FE57C-67B8-49E3-B7D0-A31B869C7584} = {982FE57C-67B8-49E3-B7D0-A31B869C7584}
		{2DE1C7A7-8078-456D-BFFB-B54AE234F893} = {2DE1C7A7-8078-456D-BFFB-B54AE234F893}
		{E5DC4FED-1766-4F6A-B60B-86D148D3221D} = {E5DC4FED-1766-4F6A-B60B-86D148D3221D}
		{C60CF8F1-A150-4161-B40D-4BDCBB6C2A43} = {C60CF8F1-A150-4161-B40D-4BDCBB6C2A43}
	EndProjectSection
EndProject
Project("{FAE04EC0-301F-11D3-BF4B-00C04F79EFBC}") = "FileOperation", "FileOperation\FileOperation.csproj", "{507F1A26-A810-448D-B49B-97D68D7B6EAC}"
	ProjectSection(ProjectDependencies) = postProject
		{E7C6132D-8312-4579-A384-2FCDB6C64E8C} = {E7C6132D-8312-4579-A384-2FCDB6C64E8C}
	EndProjectSection
EndProject
Project("{FAE04EC0-301F-11D3-BF4B-00C04F79EFBC}") = "FileOperationBase", "FileOperationBase\FileOperationBase.csproj", "{E7C6132D-8312-4579-A384-2FCDB6C64E8C}"
	ProjectSection(ProjectDependencies) = postProject
		{EE9387AF-7AED-494C-B8D0-49B1C89132A6} = {EE9387AF-7AED-494C-B8D0-49B1C89132A6}
		{0AEB1FBC-6588-4EF9-8A44-A87597E71822} = {0AEB1FBC-6588-4EF9-8A44-A87597E71822}
	EndProjectSection
EndProject
Project("{FAE04EC0-301F-11D3-BF4B-00C04F79EFBC}") = "ItemsManage", "ItemsManage\ItemsManage.csproj", "{982FE57C-67B8-49E3-B7D0-A31B869C7584}"
EndProject
Project("{FAE04EC0-301F-11D3-BF4B-00C04F79EFBC}") = "StorageManage", "StorageManage\StorageManage.csproj", "{25AD1C38-D42C-4061-88D9-CECB92F36B9C}"
EndProject
Project("{FAE04EC0-301F-11D3-BF4B-00C04F79EFBC}") = "ShipCertification", "ShipCertification\ShipCertification.csproj", "{BF7C2704-BDFC-498E-9DE2-858B63F044C2}"
EndProject
Project("{FAE04EC0-301F-11D3-BF4B-00C04F79EFBC}") = "Maintenance", "Maintenance\Maintenance.csproj", "{4B1A8C51-9639-4461-BC21-0CA009C4585D}"
EndProject
Project("{FAE04EC0-301F-11D3-BF4B-00C04F79EFBC}") = "SeaChartManage", "SeaChartManage\SeaChartManage.csproj", "{C2CCA66C-4563-4E3A-AE91-2944C4CB4591}"
EndProject
Project("{FAE04EC0-301F-11D3-BF4B-00C04F79EFBC}") = "ShipMisZHJ_WorkFlow", "ShipMisZHJ_WorkFlow\ShipMisZHJ_WorkFlow.csproj", "{B6804EA3-6F81-402D-8B27-42C2365345C8}"
EndProject
Project("{FAE04EC0-301F-11D3-BF4B-00C04F79EFBC}") = "CMSManage", "CMSManage\CMSManage.csproj", "{C60CF8F1-A150-4161-B40D-4BDCBB6C2A43}"
EndProject
Project("{FAE04EC0-301F-11D3-BF4B-00C04F79EFBC}") = "SAPFunction", "SAPFunction\SAPFunction.csproj", "{E5DC4FED-1766-4F6A-B60B-86D148D3221D}"
EndProject
Project("{FAE04EC0-301F-11D3-BF4B-00C04F79EFBC}") = "Repair", "Repair\Repair.csproj", "{064B585D-F342-458B-B83E-007A87158E63}"
EndProject
Project("{FAE04EC0-301F-11D3-BF4B-00C04F79EFBC}") = "Cost", "Cost\Cost.csproj", "{A5A38561-8A4D-41D3-91ED-AB66F2501A84}"
EndProject
Project("{FAE04EC0-301F-11D3-BF4B-00C04F79EFBC}") = "CustomerTable", "CustomerTable\CustomerTable.csproj", "{29054537-A964-4E7E-841B-63FB4F649CEA}"
EndProject
Project("{FAE04EC0-301F-11D3-BF4B-00C04F79EFBC}") = "Oil", "oil\Oil.csproj", "{5256114F-D96D-4FA5-AD34-16D9D120C0E1}"
EndProject
Project("{FAE04EC0-301F-11D3-BF4B-00C04F79EFBC}") = "DllLibrary", "DllLibrary\DllLibrary.csproj", "{2DE1C7A7-8078-456D-BFFB-B54AE234F893}"
EndProject
Project("{930C7802-8A8C-48F9-8165-68863BCCD9DD}") = "LandSetup", "LandSetup\LandSetup.wixproj", "{C53EEB4A-5FFD-4ABE-8118-80A7FAF23FBF}"
EndProject
Project("{930C7802-8A8C-48F9-8165-68863BCCD9DD}") = "ShipSetup", "ShipSetup\ShipSetup.wixproj", "{731B48A1-2918-406F-91B4-BB4A64AAF045}"
EndProject
Project("{FAE04EC0-301F-11D3-BF4B-00C04F79EFBC}") = "SynchDll", "SynchDll\SynchDll.csproj", "{A23BB6FA-2AA9-4A46-A85B-16B3CE98057E}"
EndProject
Project("{FAE04EC0-301F-11D3-BF4B-00C04F79EFBC}") = "SupplyManage", "SupplyManage\SupplyManage.csproj", "{2D0A9D90-9566-4A76-8A3A-176E14039EB9}"
EndProject
Global
	GlobalSection(SolutionConfigurationPlatforms) = preSolution
		Debug|Any CPU = Debug|Any CPU
		Debug|Mixed Platforms = Debug|Mixed Platforms
		Debug|x86 = Debug|x86
		Development|Any CPU = Development|Any CPU
		Development|Mixed Platforms = Development|Mixed Platforms
		Development|x86 = Development|x86
		Release|Any CPU = Release|Any CPU
		Release|Mixed Platforms = Release|Mixed Platforms
		Release|x86 = Release|x86
	EndGlobalSection
	GlobalSection(ProjectConfigurationPlatforms) = postSolution
		{8B110A0E-5B6F-4FF7-AAB1-D4DC8656DAD5}.Debug|Any CPU.ActiveCfg = Debug|Any CPU
		{8B110A0E-5B6F-4FF7-AAB1-D4DC8656DAD5}.Debug|Any CPU.Build.0 = Debug|Any CPU
		{8B110A0E-5B6F-4FF7-AAB1-D4DC8656DAD5}.Debug|Mixed Platforms.ActiveCfg = Debug|Any CPU
		{8B110A0E-5B6F-4FF7-AAB1-D4DC8656DAD5}.Debug|Mixed Platforms.Build.0 = Debug|Any CPU
		{8B110A0E-5B6F-4FF7-AAB1-D4DC8656DAD5}.Debug|x86.ActiveCfg = Debug|Any CPU
		{8B110A0E-5B6F-4FF7-AAB1-D4DC8656DAD5}.Development|Any CPU.ActiveCfg = Debug|Any CPU
		{8B110A0E-5B6F-4FF7-AAB1-D4DC8656DAD5}.Development|Any CPU.Build.0 = Debug|Any CPU
		{8B110A0E-5B6F-4FF7-AAB1-D4DC8656DAD5}.Development|Mixed Platforms.ActiveCfg = Debug|Any CPU
		{8B110A0E-5B6F-4FF7-AAB1-D4DC8656DAD5}.Development|Mixed Platforms.Build.0 = Debug|Any CPU
		{8B110A0E-5B6F-4FF7-AAB1-D4DC8656DAD5}.Development|x86.ActiveCfg = Debug|Any CPU
		{8B110A0E-5B6F-4FF7-AAB1-D4DC8656DAD5}.Release|Any CPU.ActiveCfg = Release|Any CPU
		{8B110A0E-5B6F-4FF7-AAB1-D4DC8656DAD5}.Release|Any CPU.Build.0 = Release|Any CPU
		{8B110A0E-5B6F-4FF7-AAB1-D4DC8656DAD5}.Release|Mixed Platforms.ActiveCfg = Release|Any CPU
		{8B110A0E-5B6F-4FF7-AAB1-D4DC8656DAD5}.Release|Mixed Platforms.Build.0 = Release|Any CPU
		{8B110A0E-5B6F-4FF7-AAB1-D4DC8656DAD5}.Release|x86.ActiveCfg = Release|Any CPU
		{71F49CE3-707D-409D-9796-48743BE13003}.Debug|Any CPU.ActiveCfg = Debug|Any CPU
		{71F49CE3-707D-409D-9796-48743BE13003}.Debug|Any CPU.Build.0 = Debug|Any CPU
		{71F49CE3-707D-409D-9796-48743BE13003}.Debug|Mixed Platforms.ActiveCfg = Debug|Any CPU
		{71F49CE3-707D-409D-9796-48743BE13003}.Debug|Mixed Platforms.Build.0 = Debug|Any CPU
		{71F49CE3-707D-409D-9796-48743BE13003}.Debug|x86.ActiveCfg = Debug|Any CPU
		{71F49CE3-707D-409D-9796-48743BE13003}.Development|Any CPU.ActiveCfg = Debug|Any CPU
		{71F49CE3-707D-409D-9796-48743BE13003}.Development|Any CPU.Build.0 = Debug|Any CPU
		{71F49CE3-707D-409D-9796-48743BE13003}.Development|Mixed Platforms.ActiveCfg = Debug|Any CPU
		{71F49CE3-707D-409D-9796-48743BE13003}.Development|Mixed Platforms.Build.0 = Debug|Any CPU
		{71F49CE3-707D-409D-9796-48743BE13003}.Development|x86.ActiveCfg = Debug|Any CPU
		{71F49CE3-707D-409D-9796-48743BE13003}.Release|Any CPU.ActiveCfg = Release|Any CPU
		{71F49CE3-707D-409D-9796-48743BE13003}.Release|Any CPU.Build.0 = Release|Any CPU
		{71F49CE3-707D-409D-9796-48743BE13003}.Release|Mixed Platforms.ActiveCfg = Release|Any CPU
		{71F49CE3-707D-409D-9796-48743BE13003}.Release|Mixed Platforms.Build.0 = Release|Any CPU
		{71F49CE3-707D-409D-9796-48743BE13003}.Release|x86.ActiveCfg = Release|Any CPU
		{EE9387AF-7AED-494C-B8D0-49B1C89132A6}.Debug|Any CPU.ActiveCfg = Debug|Any CPU
		{EE9387AF-7AED-494C-B8D0-49B1C89132A6}.Debug|Any CPU.Build.0 = Debug|Any CPU
		{EE9387AF-7AED-494C-B8D0-49B1C89132A6}.Debug|Mixed Platforms.ActiveCfg = Debug|Any CPU
		{EE9387AF-7AED-494C-B8D0-49B1C89132A6}.Debug|Mixed Platforms.Build.0 = Debug|Any CPU
		{EE9387AF-7AED-494C-B8D0-49B1C89132A6}.Debug|x86.ActiveCfg = Debug|Any CPU
		{EE9387AF-7AED-494C-B8D0-49B1C89132A6}.Development|Any CPU.ActiveCfg = Debug|Any CPU
		{EE9387AF-7AED-494C-B8D0-49B1C89132A6}.Development|Any CPU.Build.0 = Debug|Any CPU
		{EE9387AF-7AED-494C-B8D0-49B1C89132A6}.Development|Mixed Platforms.ActiveCfg = Debug|Any CPU
		{EE9387AF-7AED-494C-B8D0-49B1C89132A6}.Development|Mixed Platforms.Build.0 = Debug|Any CPU
		{EE9387AF-7AED-494C-B8D0-49B1C89132A6}.Development|x86.ActiveCfg = Debug|Any CPU
		{EE9387AF-7AED-494C-B8D0-49B1C89132A6}.Release|Any CPU.ActiveCfg = Release|Any CPU
		{EE9387AF-7AED-494C-B8D0-49B1C89132A6}.Release|Any CPU.Build.0 = Release|Any CPU
		{EE9387AF-7AED-494C-B8D0-49B1C89132A6}.Release|Mixed Platforms.ActiveCfg = Release|Any CPU
		{EE9387AF-7AED-494C-B8D0-49B1C89132A6}.Release|Mixed Platforms.Build.0 = Release|Any CPU
		{EE9387AF-7AED-494C-B8D0-49B1C89132A6}.Release|x86.ActiveCfg = Release|Any CPU
		{0AEB1FBC-6588-4EF9-8A44-A87597E71822}.Debug|Any CPU.ActiveCfg = Debug|Any CPU
		{0AEB1FBC-6588-4EF9-8A44-A87597E71822}.Debug|Any CPU.Build.0 = Debug|Any CPU
		{0AEB1FBC-6588-4EF9-8A44-A87597E71822}.Debug|Mixed Platforms.ActiveCfg = Debug|Any CPU
		{0AEB1FBC-6588-4EF9-8A44-A87597E71822}.Debug|Mixed Platforms.Build.0 = Debug|Any CPU
		{0AEB1FBC-6588-4EF9-8A44-A87597E71822}.Debug|x86.ActiveCfg = Debug|Any CPU
		{0AEB1FBC-6588-4EF9-8A44-A87597E71822}.Development|Any CPU.ActiveCfg = Debug|Any CPU
		{0AEB1FBC-6588-4EF9-8A44-A87597E71822}.Development|Any CPU.Build.0 = Debug|Any CPU
		{0AEB1FBC-6588-4EF9-8A44-A87597E71822}.Development|Mixed Platforms.ActiveCfg = Debug|Any CPU
		{0AEB1FBC-6588-4EF9-8A44-A87597E71822}.Development|Mixed Platforms.Build.0 = Debug|Any CPU
		{0AEB1FBC-6588-4EF9-8A44-A87597E71822}.Development|x86.ActiveCfg = Debug|Any CPU
		{0AEB1FBC-6588-4EF9-8A44-A87597E71822}.Release|Any CPU.ActiveCfg = Release|Any CPU
		{0AEB1FBC-6588-4EF9-8A44-A87597E71822}.Release|Any CPU.Build.0 = Release|Any CPU
		{0AEB1FBC-6588-4EF9-8A44-A87597E71822}.Release|Mixed Platforms.ActiveCfg = Release|Any CPU
		{0AEB1FBC-6588-4EF9-8A44-A87597E71822}.Release|Mixed Platforms.Build.0 = Release|Any CPU
		{0AEB1FBC-6588-4EF9-8A44-A87597E71822}.Release|x86.ActiveCfg = Release|Any CPU
		{61526F8D-6451-4C2A-8D01-F4CC77D4DB30}.Debug|Any CPU.ActiveCfg = Debug|Any CPU
		{61526F8D-6451-4C2A-8D01-F4CC77D4DB30}.Debug|Any CPU.Build.0 = Debug|Any CPU
		{61526F8D-6451-4C2A-8D01-F4CC77D4DB30}.Debug|Mixed Platforms.ActiveCfg = Debug|Any CPU
		{61526F8D-6451-4C2A-8D01-F4CC77D4DB30}.Debug|Mixed Platforms.Build.0 = Debug|Any CPU
		{61526F8D-6451-4C2A-8D01-F4CC77D4DB30}.Debug|x86.ActiveCfg = Debug|Any CPU
		{61526F8D-6451-4C2A-8D01-F4CC77D4DB30}.Development|Any CPU.ActiveCfg = Debug|Any CPU
		{61526F8D-6451-4C2A-8D01-F4CC77D4DB30}.Development|Any CPU.Build.0 = Debug|Any CPU
		{61526F8D-6451-4C2A-8D01-F4CC77D4DB30}.Development|Mixed Platforms.ActiveCfg = Debug|Any CPU
		{61526F8D-6451-4C2A-8D01-F4CC77D4DB30}.Development|Mixed Platforms.Build.0 = Debug|Any CPU
		{61526F8D-6451-4C2A-8D01-F4CC77D4DB30}.Development|x86.ActiveCfg = Debug|Any CPU
		{61526F8D-6451-4C2A-8D01-F4CC77D4DB30}.Release|Any CPU.ActiveCfg = Release|Any CPU
		{61526F8D-6451-4C2A-8D01-F4CC77D4DB30}.Release|Any CPU.Build.0 = Release|Any CPU
		{61526F8D-6451-4C2A-8D01-F4CC77D4DB30}.Release|Mixed Platforms.ActiveCfg = Release|Any CPU
		{61526F8D-6451-4C2A-8D01-F4CC77D4DB30}.Release|Mixed Platforms.Build.0 = Release|Any CPU
		{61526F8D-6451-4C2A-8D01-F4CC77D4DB30}.Release|x86.ActiveCfg = Release|Any CPU
		{507F1A26-A810-448D-B49B-97D68D7B6EAC}.Debug|Any CPU.ActiveCfg = Debug|Any CPU
		{507F1A26-A810-448D-B49B-97D68D7B6EAC}.Debug|Any CPU.Build.0 = Debug|Any CPU
		{507F1A26-A810-448D-B49B-97D68D7B6EAC}.Debug|Mixed Platforms.ActiveCfg = Debug|Any CPU
		{507F1A26-A810-448D-B49B-97D68D7B6EAC}.Debug|Mixed Platforms.Build.0 = Debug|Any CPU
		{507F1A26-A810-448D-B49B-97D68D7B6EAC}.Debug|x86.ActiveCfg = Debug|Any CPU
		{507F1A26-A810-448D-B49B-97D68D7B6EAC}.Development|Any CPU.ActiveCfg = Debug|Any CPU
		{507F1A26-A810-448D-B49B-97D68D7B6EAC}.Development|Any CPU.Build.0 = Debug|Any CPU
		{507F1A26-A810-448D-B49B-97D68D7B6EAC}.Development|Mixed Platforms.ActiveCfg = Debug|Any CPU
		{507F1A26-A810-448D-B49B-97D68D7B6EAC}.Development|Mixed Platforms.Build.0 = Debug|Any CPU
		{507F1A26-A810-448D-B49B-97D68D7B6EAC}.Development|x86.ActiveCfg = Debug|Any CPU
		{507F1A26-A810-448D-B49B-97D68D7B6EAC}.Release|Any CPU.ActiveCfg = Release|Any CPU
		{507F1A26-A810-448D-B49B-97D68D7B6EAC}.Release|Any CPU.Build.0 = Release|Any CPU
		{507F1A26-A810-448D-B49B-97D68D7B6EAC}.Release|Mixed Platforms.ActiveCfg = Release|Any CPU
		{507F1A26-A810-448D-B49B-97D68D7B6EAC}.Release|Mixed Platforms.Build.0 = Release|Any CPU
		{507F1A26-A810-448D-B49B-97D68D7B6EAC}.Release|x86.ActiveCfg = Release|Any CPU
		{E7C6132D-8312-4579-A384-2FCDB6C64E8C}.Debug|Any CPU.ActiveCfg = Debug|Any CPU
		{E7C6132D-8312-4579-A384-2FCDB6C64E8C}.Debug|Any CPU.Build.0 = Debug|Any CPU
		{E7C6132D-8312-4579-A384-2FCDB6C64E8C}.Debug|Mixed Platforms.ActiveCfg = Debug|Any CPU
		{E7C6132D-8312-4579-A384-2FCDB6C64E8C}.Debug|Mixed Platforms.Build.0 = Debug|Any CPU
		{E7C6132D-8312-4579-A384-2FCDB6C64E8C}.Debug|x86.ActiveCfg = Debug|Any CPU
		{E7C6132D-8312-4579-A384-2FCDB6C64E8C}.Development|Any CPU.ActiveCfg = Debug|Any CPU
		{E7C6132D-8312-4579-A384-2FCDB6C64E8C}.Development|Any CPU.Build.0 = Debug|Any CPU
		{E7C6132D-8312-4579-A384-2FCDB6C64E8C}.Development|Mixed Platforms.ActiveCfg = Debug|Any CPU
		{E7C6132D-8312-4579-A384-2FCDB6C64E8C}.Development|Mixed Platforms.Build.0 = Debug|Any CPU
		{E7C6132D-8312-4579-A384-2FCDB6C64E8C}.Development|x86.ActiveCfg = Debug|Any CPU
		{E7C6132D-8312-4579-A384-2FCDB6C64E8C}.Release|Any CPU.ActiveCfg = Release|Any CPU
		{E7C6132D-8312-4579-A384-2FCDB6C64E8C}.Release|Any CPU.Build.0 = Release|Any CPU
		{E7C6132D-8312-4579-A384-2FCDB6C64E8C}.Release|Mixed Platforms.ActiveCfg = Release|Any CPU
		{E7C6132D-8312-4579-A384-2FCDB6C64E8C}.Release|Mixed Platforms.Build.0 = Release|Any CPU
		{E7C6132D-8312-4579-A384-2FCDB6C64E8C}.Release|x86.ActiveCfg = Release|Any CPU
		{982FE57C-67B8-49E3-B7D0-A31B869C7584}.Debug|Any CPU.ActiveCfg = Debug|Any CPU
		{982FE57C-67B8-49E3-B7D0-A31B869C7584}.Debug|Any CPU.Build.0 = Debug|Any CPU
		{982FE57C-67B8-49E3-B7D0-A31B869C7584}.Debug|Mixed Platforms.ActiveCfg = Debug|Any CPU
		{982FE57C-67B8-49E3-B7D0-A31B869C7584}.Debug|Mixed Platforms.Build.0 = Debug|Any CPU
		{982FE57C-67B8-49E3-B7D0-A31B869C7584}.Debug|x86.ActiveCfg = Debug|Any CPU
		{982FE57C-67B8-49E3-B7D0-A31B869C7584}.Development|Any CPU.ActiveCfg = Debug|Any CPU
		{982FE57C-67B8-49E3-B7D0-A31B869C7584}.Development|Any CPU.Build.0 = Debug|Any CPU
		{982FE57C-67B8-49E3-B7D0-A31B869C7584}.Development|Mixed Platforms.ActiveCfg = Debug|Any CPU
		{982FE57C-67B8-49E3-B7D0-A31B869C7584}.Development|Mixed Platforms.Build.0 = Debug|Any CPU
		{982FE57C-67B8-49E3-B7D0-A31B869C7584}.Development|x86.ActiveCfg = Debug|Any CPU
		{982FE57C-67B8-49E3-B7D0-A31B869C7584}.Release|Any CPU.ActiveCfg = Release|Any CPU
		{982FE57C-67B8-49E3-B7D0-A31B869C7584}.Release|Any CPU.Build.0 = Release|Any CPU
		{982FE57C-67B8-49E3-B7D0-A31B869C7584}.Release|Mixed Platforms.ActiveCfg = Release|Any CPU
		{982FE57C-67B8-49E3-B7D0-A31B869C7584}.Release|Mixed Platforms.Build.0 = Release|Any CPU
		{982FE57C-67B8-49E3-B7D0-A31B869C7584}.Release|x86.ActiveCfg = Release|Any CPU
		{25AD1C38-D42C-4061-88D9-CECB92F36B9C}.Debug|Any CPU.ActiveCfg = Debug|Any CPU
		{25AD1C38-D42C-4061-88D9-CECB92F36B9C}.Debug|Any CPU.Build.0 = Debug|Any CPU
		{25AD1C38-D42C-4061-88D9-CECB92F36B9C}.Debug|Mixed Platforms.ActiveCfg = Debug|Any CPU
		{25AD1C38-D42C-4061-88D9-CECB92F36B9C}.Debug|Mixed Platforms.Build.0 = Debug|Any CPU
		{25AD1C38-D42C-4061-88D9-CECB92F36B9C}.Debug|x86.ActiveCfg = Debug|Any CPU
		{25AD1C38-D42C-4061-88D9-CECB92F36B9C}.Development|Any CPU.ActiveCfg = Debug|Any CPU
		{25AD1C38-D42C-4061-88D9-CECB92F36B9C}.Development|Any CPU.Build.0 = Debug|Any CPU
		{25AD1C38-D42C-4061-88D9-CECB92F36B9C}.Development|Mixed Platforms.ActiveCfg = Debug|Any CPU
		{25AD1C38-D42C-4061-88D9-CECB92F36B9C}.Development|Mixed Platforms.Build.0 = Debug|Any CPU
		{25AD1C38-D42C-4061-88D9-CECB92F36B9C}.Development|x86.ActiveCfg = Debug|Any CPU
		{25AD1C38-D42C-4061-88D9-CECB92F36B9C}.Release|Any CPU.ActiveCfg = Release|Any CPU
		{25AD1C38-D42C-4061-88D9-CECB92F36B9C}.Release|Any CPU.Build.0 = Release|Any CPU
		{25AD1C38-D42C-4061-88D9-CECB92F36B9C}.Release|Mixed Platforms.ActiveCfg = Release|Any CPU
		{25AD1C38-D42C-4061-88D9-CECB92F36B9C}.Release|Mixed Platforms.Build.0 = Release|Any CPU
		{25AD1C38-D42C-4061-88D9-CECB92F36B9C}.Release|x86.ActiveCfg = Release|Any CPU
		{BF7C2704-BDFC-498E-9DE2-858B63F044C2}.Debug|Any CPU.ActiveCfg = Debug|Any CPU
		{BF7C2704-BDFC-498E-9DE2-858B63F044C2}.Debug|Any CPU.Build.0 = Debug|Any CPU
		{BF7C2704-BDFC-498E-9DE2-858B63F044C2}.Debug|Mixed Platforms.ActiveCfg = Debug|Any CPU
		{BF7C2704-BDFC-498E-9DE2-858B63F044C2}.Debug|Mixed Platforms.Build.0 = Debug|Any CPU
		{BF7C2704-BDFC-498E-9DE2-858B63F044C2}.Debug|x86.ActiveCfg = Debug|Any CPU
		{BF7C2704-BDFC-498E-9DE2-858B63F044C2}.Development|Any CPU.ActiveCfg = Debug|Any CPU
		{BF7C2704-BDFC-498E-9DE2-858B63F044C2}.Development|Any CPU.Build.0 = Debug|Any CPU
		{BF7C2704-BDFC-498E-9DE2-858B63F044C2}.Development|Mixed Platforms.ActiveCfg = Debug|Any CPU
		{BF7C2704-BDFC-498E-9DE2-858B63F044C2}.Development|Mixed Platforms.Build.0 = Debug|Any CPU
		{BF7C2704-BDFC-498E-9DE2-858B63F044C2}.Development|x86.ActiveCfg = Debug|Any CPU
		{BF7C2704-BDFC-498E-9DE2-858B63F044C2}.Release|Any CPU.ActiveCfg = Release|Any CPU
		{BF7C2704-BDFC-498E-9DE2-858B63F044C2}.Release|Any CPU.Build.0 = Release|Any CPU
		{BF7C2704-BDFC-498E-9DE2-858B63F044C2}.Release|Mixed Platforms.ActiveCfg = Release|Any CPU
		{BF7C2704-BDFC-498E-9DE2-858B63F044C2}.Release|Mixed Platforms.Build.0 = Release|Any CPU
		{BF7C2704-BDFC-498E-9DE2-858B63F044C2}.Release|x86.ActiveCfg = Release|Any CPU
		{4B1A8C51-9639-4461-BC21-0CA009C4585D}.Debug|Any CPU.ActiveCfg = Debug|Any CPU
		{4B1A8C51-9639-4461-BC21-0CA009C4585D}.Debug|Any CPU.Build.0 = Debug|Any CPU
		{4B1A8C51-9639-4461-BC21-0CA009C4585D}.Debug|Mixed Platforms.ActiveCfg = Debug|Any CPU
		{4B1A8C51-9639-4461-BC21-0CA009C4585D}.Debug|Mixed Platforms.Build.0 = Debug|Any CPU
		{4B1A8C51-9639-4461-BC21-0CA009C4585D}.Debug|x86.ActiveCfg = Debug|Any CPU
		{4B1A8C51-9639-4461-BC21-0CA009C4585D}.Development|Any CPU.ActiveCfg = Debug|Any CPU
		{4B1A8C51-9639-4461-BC21-0CA009C4585D}.Development|Any CPU.Build.0 = Debug|Any CPU
		{4B1A8C51-9639-4461-BC21-0CA009C4585D}.Development|Mixed Platforms.ActiveCfg = Debug|Any CPU
		{4B1A8C51-9639-4461-BC21-0CA009C4585D}.Development|Mixed Platforms.Build.0 = Debug|Any CPU
		{4B1A8C51-9639-4461-BC21-0CA009C4585D}.Development|x86.ActiveCfg = Debug|Any CPU
		{4B1A8C51-9639-4461-BC21-0CA009C4585D}.Release|Any CPU.ActiveCfg = Release|Any CPU
		{4B1A8C51-9639-4461-BC21-0CA009C4585D}.Release|Any CPU.Build.0 = Release|Any CPU
		{4B1A8C51-9639-4461-BC21-0CA009C4585D}.Release|Mixed Platforms.ActiveCfg = Release|Any CPU
		{4B1A8C51-9639-4461-BC21-0CA009C4585D}.Release|Mixed Platforms.Build.0 = Release|Any CPU
		{4B1A8C51-9639-4461-BC21-0CA009C4585D}.Release|x86.ActiveCfg = Release|Any CPU
		{C2CCA66C-4563-4E3A-AE91-2944C4CB4591}.Debug|Any CPU.ActiveCfg = Debug|Any CPU
		{C2CCA66C-4563-4E3A-AE91-2944C4CB4591}.Debug|Any CPU.Build.0 = Debug|Any CPU
		{C2CCA66C-4563-4E3A-AE91-2944C4CB4591}.Debug|Mixed Platforms.ActiveCfg = Debug|Any CPU
		{C2CCA66C-4563-4E3A-AE91-2944C4CB4591}.Debug|Mixed Platforms.Build.0 = Debug|Any CPU
		{C2CCA66C-4563-4E3A-AE91-2944C4CB4591}.Debug|x86.ActiveCfg = Debug|Any CPU
		{C2CCA66C-4563-4E3A-AE91-2944C4CB4591}.Development|Any CPU.ActiveCfg = Debug|Any CPU
		{C2CCA66C-4563-4E3A-AE91-2944C4CB4591}.Development|Any CPU.Build.0 = Debug|Any CPU
		{C2CCA66C-4563-4E3A-AE91-2944C4CB4591}.Development|Mixed Platforms.ActiveCfg = Debug|Any CPU
		{C2CCA66C-4563-4E3A-AE91-2944C4CB4591}.Development|Mixed Platforms.Build.0 = Debug|Any CPU
		{C2CCA66C-4563-4E3A-AE91-2944C4CB4591}.Development|x86.ActiveCfg = Debug|Any CPU
		{C2CCA66C-4563-4E3A-AE91-2944C4CB4591}.Release|Any CPU.ActiveCfg = Release|Any CPU
		{C2CCA66C-4563-4E3A-AE91-2944C4CB4591}.Release|Any CPU.Build.0 = Release|Any CPU
		{C2CCA66C-4563-4E3A-AE91-2944C4CB4591}.Release|Mixed Platforms.ActiveCfg = Release|Any CPU
		{C2CCA66C-4563-4E3A-AE91-2944C4CB4591}.Release|Mixed Platforms.Build.0 = Release|Any CPU
		{C2CCA66C-4563-4E3A-AE91-2944C4CB4591}.Release|x86.ActiveCfg = Release|Any CPU
		{B6804EA3-6F81-402D-8B27-42C2365345C8}.Debug|Any CPU.ActiveCfg = Debug|Any CPU
		{B6804EA3-6F81-402D-8B27-42C2365345C8}.Debug|Any CPU.Build.0 = Debug|Any CPU
		{B6804EA3-6F81-402D-8B27-42C2365345C8}.Debug|Mixed Platforms.ActiveCfg = Debug|Any CPU
		{B6804EA3-6F81-402D-8B27-42C2365345C8}.Debug|Mixed Platforms.Build.0 = Debug|Any CPU
		{B6804EA3-6F81-402D-8B27-42C2365345C8}.Debug|x86.ActiveCfg = Debug|Any CPU
		{B6804EA3-6F81-402D-8B27-42C2365345C8}.Development|Any CPU.ActiveCfg = Debug|Any CPU
		{B6804EA3-6F81-402D-8B27-42C2365345C8}.Development|Any CPU.Build.0 = Debug|Any CPU
		{B6804EA3-6F81-402D-8B27-42C2365345C8}.Development|Mixed Platforms.ActiveCfg = Debug|Any CPU
		{B6804EA3-6F81-402D-8B27-42C2365345C8}.Development|Mixed Platforms.Build.0 = Debug|Any CPU
		{B6804EA3-6F81-402D-8B27-42C2365345C8}.Development|x86.ActiveCfg = Debug|Any CPU
		{B6804EA3-6F81-402D-8B27-42C2365345C8}.Release|Any CPU.ActiveCfg = Release|Any CPU
		{B6804EA3-6F81-402D-8B27-42C2365345C8}.Release|Any CPU.Build.0 = Release|Any CPU
		{B6804EA3-6F81-402D-8B27-42C2365345C8}.Release|Mixed Platforms.ActiveCfg = Release|Any CPU
		{B6804EA3-6F81-402D-8B27-42C2365345C8}.Release|Mixed Platforms.Build.0 = Release|Any CPU
		{B6804EA3-6F81-402D-8B27-42C2365345C8}.Release|x86.ActiveCfg = Release|Any CPU
		{C60CF8F1-A150-4161-B40D-4BDCBB6C2A43}.Debug|Any CPU.ActiveCfg = Debug|Any CPU
		{C60CF8F1-A150-4161-B40D-4BDCBB6C2A43}.Debug|Any CPU.Build.0 = Debug|Any CPU
		{C60CF8F1-A150-4161-B40D-4BDCBB6C2A43}.Debug|Mixed Platforms.ActiveCfg = Debug|Any CPU
		{C60CF8F1-A150-4161-B40D-4BDCBB6C2A43}.Debug|Mixed Platforms.Build.0 = Debug|Any CPU
		{C60CF8F1-A150-4161-B40D-4BDCBB6C2A43}.Debug|x86.ActiveCfg = Debug|Any CPU
		{C60CF8F1-A150-4161-B40D-4BDCBB6C2A43}.Development|Any CPU.ActiveCfg = Debug|Any CPU
		{C60CF8F1-A150-4161-B40D-4BDCBB6C2A43}.Development|Any CPU.Build.0 = Debug|Any CPU
		{C60CF8F1-A150-4161-B40D-4BDCBB6C2A43}.Development|Mixed Platforms.ActiveCfg = Debug|Any CPU
		{C60CF8F1-A150-4161-B40D-4BDCBB6C2A43}.Development|Mixed Platforms.Build.0 = Debug|Any CPU
		{C60CF8F1-A150-4161-B40D-4BDCBB6C2A43}.Development|x86.ActiveCfg = Debug|Any CPU
		{C60CF8F1-A150-4161-B40D-4BDCBB6C2A43}.Release|Any CPU.ActiveCfg = Release|Any CPU
		{C60CF8F1-A150-4161-B40D-4BDCBB6C2A43}.Release|Any CPU.Build.0 = Release|Any CPU
		{C60CF8F1-A150-4161-B40D-4BDCBB6C2A43}.Release|Mixed Platforms.ActiveCfg = Release|Any CPU
		{C60CF8F1-A150-4161-B40D-4BDCBB6C2A43}.Release|Mixed Platforms.Build.0 = Release|Any CPU
		{C60CF8F1-A150-4161-B40D-4BDCBB6C2A43}.Release|x86.ActiveCfg = Release|Any CPU
		{E5DC4FED-1766-4F6A-B60B-86D148D3221D}.Debug|Any CPU.ActiveCfg = Debug|Any CPU
		{E5DC4FED-1766-4F6A-B60B-86D148D3221D}.Debug|Any CPU.Build.0 = Debug|Any CPU
		{E5DC4FED-1766-4F6A-B60B-86D148D3221D}.Debug|Mixed Platforms.ActiveCfg = Debug|Any CPU
		{E5DC4FED-1766-4F6A-B60B-86D148D3221D}.Debug|Mixed Platforms.Build.0 = Debug|Any CPU
		{E5DC4FED-1766-4F6A-B60B-86D148D3221D}.Debug|x86.ActiveCfg = Debug|Any CPU
		{E5DC4FED-1766-4F6A-B60B-86D148D3221D}.Development|Any CPU.ActiveCfg = Debug|Any CPU
		{E5DC4FED-1766-4F6A-B60B-86D148D3221D}.Development|Any CPU.Build.0 = Debug|Any CPU
		{E5DC4FED-1766-4F6A-B60B-86D148D3221D}.Development|Mixed Platforms.ActiveCfg = Debug|Any CPU
		{E5DC4FED-1766-4F6A-B60B-86D148D3221D}.Development|Mixed Platforms.Build.0 = Debug|Any CPU
		{E5DC4FED-1766-4F6A-B60B-86D148D3221D}.Development|x86.ActiveCfg = Debug|Any CPU
		{E5DC4FED-1766-4F6A-B60B-86D148D3221D}.Release|Any CPU.ActiveCfg = Release|Any CPU
		{E5DC4FED-1766-4F6A-B60B-86D148D3221D}.Release|Any CPU.Build.0 = Release|Any CPU
		{E5DC4FED-1766-4F6A-B60B-86D148D3221D}.Release|Mixed Platforms.ActiveCfg = Release|Any CPU
		{E5DC4FED-1766-4F6A-B60B-86D148D3221D}.Release|Mixed Platforms.Build.0 = Release|Any CPU
		{E5DC4FED-1766-4F6A-B60B-86D148D3221D}.Release|x86.ActiveCfg = Release|Any CPU
		{064B585D-F342-458B-B83E-007A87158E63}.Debug|Any CPU.ActiveCfg = Debug|Any CPU
		{064B585D-F342-458B-B83E-007A87158E63}.Debug|Any CPU.Build.0 = Debug|Any CPU
		{064B585D-F342-458B-B83E-007A87158E63}.Debug|Mixed Platforms.ActiveCfg = Debug|Any CPU
		{064B585D-F342-458B-B83E-007A87158E63}.Debug|Mixed Platforms.Build.0 = Debug|Any CPU
		{064B585D-F342-458B-B83E-007A87158E63}.Debug|x86.ActiveCfg = Debug|Any CPU
		{064B585D-F342-458B-B83E-007A87158E63}.Development|Any CPU.ActiveCfg = Debug|Any CPU
		{064B585D-F342-458B-B83E-007A87158E63}.Development|Any CPU.Build.0 = Debug|Any CPU
		{064B585D-F342-458B-B83E-007A87158E63}.Development|Mixed Platforms.ActiveCfg = Debug|Any CPU
		{064B585D-F342-458B-B83E-007A87158E63}.Development|Mixed Platforms.Build.0 = Debug|Any CPU
		{064B585D-F342-458B-B83E-007A87158E63}.Development|x86.ActiveCfg = Debug|Any CPU
		{064B585D-F342-458B-B83E-007A87158E63}.Release|Any CPU.ActiveCfg = Release|Any CPU
		{064B585D-F342-458B-B83E-007A87158E63}.Release|Any CPU.Build.0 = Release|Any CPU
		{064B585D-F342-458B-B83E-007A87158E63}.Release|Mixed Platforms.ActiveCfg = Release|Any CPU
		{064B585D-F342-458B-B83E-007A87158E63}.Release|Mixed Platforms.Build.0 = Release|Any CPU
		{064B585D-F342-458B-B83E-007A87158E63}.Release|x86.ActiveCfg = Release|Any CPU
		{A5A38561-8A4D-41D3-91ED-AB66F2501A84}.Debug|Any CPU.ActiveCfg = Debug|Any CPU
		{A5A38561-8A4D-41D3-91ED-AB66F2501A84}.Debug|Any CPU.Build.0 = Debug|Any CPU
		{A5A38561-8A4D-41D3-91ED-AB66F2501A84}.Debug|Mixed Platforms.ActiveCfg = Debug|Any CPU
		{A5A38561-8A4D-41D3-91ED-AB66F2501A84}.Debug|Mixed Platforms.Build.0 = Debug|Any CPU
		{A5A38561-8A4D-41D3-91ED-AB66F2501A84}.Debug|x86.ActiveCfg = Debug|Any CPU
		{A5A38561-8A4D-41D3-91ED-AB66F2501A84}.Development|Any CPU.ActiveCfg = Debug|Any CPU
		{A5A38561-8A4D-41D3-91ED-AB66F2501A84}.Development|Any CPU.Build.0 = Debug|Any CPU
		{A5A38561-8A4D-41D3-91ED-AB66F2501A84}.Development|Mixed Platforms.ActiveCfg = Debug|Any CPU
		{A5A38561-8A4D-41D3-91ED-AB66F2501A84}.Development|Mixed Platforms.Build.0 = Debug|Any CPU
		{A5A38561-8A4D-41D3-91ED-AB66F2501A84}.Development|x86.ActiveCfg = Debug|Any CPU
		{A5A38561-8A4D-41D3-91ED-AB66F2501A84}.Release|Any CPU.ActiveCfg = Release|Any CPU
		{A5A38561-8A4D-41D3-91ED-AB66F2501A84}.Release|Any CPU.Build.0 = Release|Any CPU
		{A5A38561-8A4D-41D3-91ED-AB66F2501A84}.Release|Mixed Platforms.ActiveCfg = Release|Any CPU
		{A5A38561-8A4D-41D3-91ED-AB66F2501A84}.Release|Mixed Platforms.Build.0 = Release|Any CPU
		{A5A38561-8A4D-41D3-91ED-AB66F2501A84}.Release|x86.ActiveCfg = Release|Any CPU
		{29054537-A964-4E7E-841B-63FB4F649CEA}.Debug|Any CPU.ActiveCfg = Debug|Any CPU
		{29054537-A964-4E7E-841B-63FB4F649CEA}.Debug|Any CPU.Build.0 = Debug|Any CPU
		{29054537-A964-4E7E-841B-63FB4F649CEA}.Debug|Mixed Platforms.ActiveCfg = Debug|Any CPU
		{29054537-A964-4E7E-841B-63FB4F649CEA}.Debug|Mixed Platforms.Build.0 = Debug|Any CPU
		{29054537-A964-4E7E-841B-63FB4F649CEA}.Debug|x86.ActiveCfg = Debug|Any CPU
		{29054537-A964-4E7E-841B-63FB4F649CEA}.Development|Any CPU.ActiveCfg = Debug|Any CPU
		{29054537-A964-4E7E-841B-63FB4F649CEA}.Development|Any CPU.Build.0 = Debug|Any CPU
		{29054537-A964-4E7E-841B-63FB4F649CEA}.Development|Mixed Platforms.ActiveCfg = Debug|Any CPU
		{29054537-A964-4E7E-841B-63FB4F649CEA}.Development|Mixed Platforms.Build.0 = Debug|Any CPU
		{29054537-A964-4E7E-841B-63FB4F649CEA}.Development|x86.ActiveCfg = Debug|Any CPU
		{29054537-A964-4E7E-841B-63FB4F649CEA}.Release|Any CPU.ActiveCfg = Release|Any CPU
		{29054537-A964-4E7E-841B-63FB4F649CEA}.Release|Any CPU.Build.0 = Release|Any CPU
		{29054537-A964-4E7E-841B-63FB4F649CEA}.Release|Mixed Platforms.ActiveCfg = Release|Any CPU
		{29054537-A964-4E7E-841B-63FB4F649CEA}.Release|Mixed Platforms.Build.0 = Release|Any CPU
		{29054537-A964-4E7E-841B-63FB4F649CEA}.Release|x86.ActiveCfg = Release|Any CPU
		{5256114F-D96D-4FA5-AD34-16D9D120C0E1}.Debug|Any CPU.ActiveCfg = Debug|Any CPU
		{5256114F-D96D-4FA5-AD34-16D9D120C0E1}.Debug|Any CPU.Build.0 = Debug|Any CPU
		{5256114F-D96D-4FA5-AD34-16D9D120C0E1}.Debug|Mixed Platforms.ActiveCfg = Debug|Any CPU
		{5256114F-D96D-4FA5-AD34-16D9D120C0E1}.Debug|Mixed Platforms.Build.0 = Debug|Any CPU
		{5256114F-D96D-4FA5-AD34-16D9D120C0E1}.Debug|x86.ActiveCfg = Debug|Any CPU
		{5256114F-D96D-4FA5-AD34-16D9D120C0E1}.Development|Any CPU.ActiveCfg = Debug|Any CPU
		{5256114F-D96D-4FA5-AD34-16D9D120C0E1}.Development|Any CPU.Build.0 = Debug|Any CPU
		{5256114F-D96D-4FA5-AD34-16D9D120C0E1}.Development|Mixed Platforms.ActiveCfg = Debug|Any CPU
		{5256114F-D96D-4FA5-AD34-16D9D120C0E1}.Development|Mixed Platforms.Build.0 = Debug|Any CPU
		{5256114F-D96D-4FA5-AD34-16D9D120C0E1}.Development|x86.ActiveCfg = Debug|Any CPU
		{5256114F-D96D-4FA5-AD34-16D9D120C0E1}.Release|Any CPU.ActiveCfg = Release|Any CPU
		{5256114F-D96D-4FA5-AD34-16D9D120C0E1}.Release|Any CPU.Build.0 = Release|Any CPU
		{5256114F-D96D-4FA5-AD34-16D9D120C0E1}.Release|Mixed Platforms.ActiveCfg = Release|Any CPU
		{5256114F-D96D-4FA5-AD34-16D9D120C0E1}.Release|Mixed Platforms.Build.0 = Release|Any CPU
		{5256114F-D96D-4FA5-AD34-16D9D120C0E1}.Release|x86.ActiveCfg = Release|Any CPU
		{2DE1C7A7-8078-456D-BFFB-B54AE234F893}.Debug|Any CPU.ActiveCfg = Debug|Any CPU
		{2DE1C7A7-8078-456D-BFFB-B54AE234F893}.Debug|Any CPU.Build.0 = Debug|Any CPU
		{2DE1C7A7-8078-456D-BFFB-B54AE234F893}.Debug|Mixed Platforms.ActiveCfg = Debug|Any CPU
		{2DE1C7A7-8078-456D-BFFB-B54AE234F893}.Debug|Mixed Platforms.Build.0 = Debug|Any CPU
		{2DE1C7A7-8078-456D-BFFB-B54AE234F893}.Debug|x86.ActiveCfg = Debug|Any CPU
		{2DE1C7A7-8078-456D-BFFB-B54AE234F893}.Development|Any CPU.ActiveCfg = Debug|Any CPU
		{2DE1C7A7-8078-456D-BFFB-B54AE234F893}.Development|Any CPU.Build.0 = Debug|Any CPU
		{2DE1C7A7-8078-456D-BFFB-B54AE234F893}.Development|Mixed Platforms.ActiveCfg = Debug|Any CPU
		{2DE1C7A7-8078-456D-BFFB-B54AE234F893}.Development|Mixed Platforms.Build.0 = Debug|Any CPU
		{2DE1C7A7-8078-456D-BFFB-B54AE234F893}.Development|x86.ActiveCfg = Debug|Any CPU
		{2DE1C7A7-8078-456D-BFFB-B54AE234F893}.Release|Any CPU.ActiveCfg = Release|Any CPU
		{2DE1C7A7-8078-456D-BFFB-B54AE234F893}.Release|Any CPU.Build.0 = Release|Any CPU
		{2DE1C7A7-8078-456D-BFFB-B54AE234F893}.Release|Mixed Platforms.ActiveCfg = Release|Any CPU
		{2DE1C7A7-8078-456D-BFFB-B54AE234F893}.Release|Mixed Platforms.Build.0 = Release|Any CPU
		{2DE1C7A7-8078-456D-BFFB-B54AE234F893}.Release|x86.ActiveCfg = Release|Any CPU
		{C53EEB4A-5FFD-4ABE-8118-80A7FAF23FBF}.Debug|Any CPU.ActiveCfg = Debug|x86
		{C53EEB4A-5FFD-4ABE-8118-80A7FAF23FBF}.Debug|Mixed Platforms.ActiveCfg = Debug|x86
		{C53EEB4A-5FFD-4ABE-8118-80A7FAF23FBF}.Debug|x86.ActiveCfg = Debug|x86
		{C53EEB4A-5FFD-4ABE-8118-80A7FAF23FBF}.Debug|x86.Build.0 = Debug|x86
		{C53EEB4A-5FFD-4ABE-8118-80A7FAF23FBF}.Development|Any CPU.ActiveCfg = Debug|x86
		{C53EEB4A-5FFD-4ABE-8118-80A7FAF23FBF}.Development|Mixed Platforms.ActiveCfg = Debug|x86
		{C53EEB4A-5FFD-4ABE-8118-80A7FAF23FBF}.Development|Mixed Platforms.Build.0 = Debug|x86
		{C53EEB4A-5FFD-4ABE-8118-80A7FAF23FBF}.Development|x86.ActiveCfg = Debug|x86
		{C53EEB4A-5FFD-4ABE-8118-80A7FAF23FBF}.Development|x86.Build.0 = Debug|x86
		{C53EEB4A-5FFD-4ABE-8118-80A7FAF23FBF}.Release|Any CPU.ActiveCfg = Release|x86
		{C53EEB4A-5FFD-4ABE-8118-80A7FAF23FBF}.Release|Mixed Platforms.ActiveCfg = Release|x86
		{C53EEB4A-5FFD-4ABE-8118-80A7FAF23FBF}.Release|x86.ActiveCfg = Release|x86
		{C53EEB4A-5FFD-4ABE-8118-80A7FAF23FBF}.Release|x86.Build.0 = Release|x86
		{731B48A1-2918-406F-91B4-BB4A64AAF045}.Debug|Any CPU.ActiveCfg = Debug|x86
		{731B48A1-2918-406F-91B4-BB4A64AAF045}.Debug|Mixed Platforms.ActiveCfg = Debug|x86
		{731B48A1-2918-406F-91B4-BB4A64AAF045}.Debug|x86.ActiveCfg = Debug|x86
		{731B48A1-2918-406F-91B4-BB4A64AAF045}.Debug|x86.Build.0 = Debug|x86
		{731B48A1-2918-406F-91B4-BB4A64AAF045}.Development|Any CPU.ActiveCfg = Debug|x86
		{731B48A1-2918-406F-91B4-BB4A64AAF045}.Development|Mixed Platforms.ActiveCfg = Debug|x86
		{731B48A1-2918-406F-91B4-BB4A64AAF045}.Development|Mixed Platforms.Build.0 = Debug|x86
		{731B48A1-2918-406F-91B4-BB4A64AAF045}.Development|x86.ActiveCfg = Debug|x86
		{731B48A1-2918-406F-91B4-BB4A64AAF045}.Development|x86.Build.0 = Debug|x86
		{731B48A1-2918-406F-91B4-BB4A64AAF045}.Release|Any CPU.ActiveCfg = Release|x86
		{731B48A1-2918-406F-91B4-BB4A64AAF045}.Release|Mixed Platforms.ActiveCfg = Release|x86
		{731B48A1-2918-406F-91B4-BB4A64AAF045}.Release|x86.ActiveCfg = Release|x86
		{731B48A1-2918-406F-91B4-BB4A64AAF045}.Release|x86.Build.0 = Release|x86
		{A23BB6FA-2AA9-4A46-A85B-16B3CE98057E}.Debug|Any CPU.ActiveCfg = Debug|Any CPU
		{A23BB6FA-2AA9-4A46-A85B-16B3CE98057E}.Debug|Any CPU.Build.0 = Debug|Any CPU
		{A23BB6FA-2AA9-4A46-A85B-16B3CE98057E}.Debug|Mixed Platforms.ActiveCfg = Debug|Any CPU
		{A23BB6FA-2AA9-4A46-A85B-16B3CE98057E}.Debug|Mixed Platforms.Build.0 = Debug|Any CPU
		{A23BB6FA-2AA9-4A46-A85B-16B3CE98057E}.Debug|x86.ActiveCfg = Debug|Any CPU
		{A23BB6FA-2AA9-4A46-A85B-16B3CE98057E}.Development|Any CPU.ActiveCfg = Debug|Any CPU
		{A23BB6FA-2AA9-4A46-A85B-16B3CE98057E}.Development|Any CPU.Build.0 = Debug|Any CPU
		{A23BB6FA-2AA9-4A46-A85B-16B3CE98057E}.Development|Mixed Platforms.ActiveCfg = Debug|Any CPU
		{A23BB6FA-2AA9-4A46-A85B-16B3CE98057E}.Development|Mixed Platforms.Build.0 = Debug|Any CPU
		{A23BB6FA-2AA9-4A46-A85B-16B3CE98057E}.Development|x86.ActiveCfg = Debug|Any CPU
		{A23BB6FA-2AA9-4A46-A85B-16B3CE98057E}.Release|Any CPU.ActiveCfg = Release|Any CPU
		{A23BB6FA-2AA9-4A46-A85B-16B3CE98057E}.Release|Any CPU.Build.0 = Release|Any CPU
		{A23BB6FA-2AA9-4A46-A85B-16B3CE98057E}.Release|Mixed Platforms.ActiveCfg = Release|Any CPU
		{A23BB6FA-2AA9-4A46-A85B-16B3CE98057E}.Release|Mixed Platforms.Build.0 = Release|Any CPU
		{A23BB6FA-2AA9-4A46-A85B-16B3CE98057E}.Release|x86.ActiveCfg = Release|Any CPU
		{2D0A9D90-9566-4A76-8A3A-176E14039EB9}.Debug|Any CPU.ActiveCfg = Debug|Any CPU
		{2D0A9D90-9566-4A76-8A3A-176E14039EB9}.Debug|Any CPU.Build.0 = Debug|Any CPU
		{2D0A9D90-9566-4A76-8A3A-176E14039EB9}.Debug|Mixed Platforms.ActiveCfg = Debug|Any CPU
		{2D0A9D90-9566-4A76-8A3A-176E14039EB9}.Debug|Mixed Platforms.Build.0 = Debug|Any CPU
		{2D0A9D90-9566-4A76-8A3A-176E14039EB9}.Debug|x86.ActiveCfg = Debug|Any CPU
		{2D0A9D90-9566-4A76-8A3A-176E14039EB9}.Development|Any CPU.ActiveCfg = Debug|Any CPU
		{2D0A9D90-9566-4A76-8A3A-176E14039EB9}.Development|Any CPU.Build.0 = Debug|Any CPU
		{2D0A9D90-9566-4A76-8A3A-176E14039EB9}.Development|Mixed Platforms.ActiveCfg = Debug|Any CPU
		{2D0A9D90-9566-4A76-8A3A-176E14039EB9}.Development|Mixed Platforms.Build.0 = Debug|Any CPU
		{2D0A9D90-9566-4A76-8A3A-176E14039EB9}.Development|x86.ActiveCfg = Debug|Any CPU
		{2D0A9D90-9566-4A76-8A3A-176E14039EB9}.Release|Any CPU.ActiveCfg = Release|Any CPU
		{2D0A9D90-9566-4A76-8A3A-176E14039EB9}.Release|Any CPU.Build.0 = Release|Any CPU
		{2D0A9D90-9566-4A76-8A3A-176E14039EB9}.Release|Mixed Platforms.ActiveCfg = Release|Any CPU
		{2D0A9D90-9566-4A76-8A3A-176E14039EB9}.Release|Mixed Platforms.Build.0 = Release|Any CPU
		{2D0A9D90-9566-4A76-8A3A-176E14039EB9}.Release|x86.ActiveCfg = Release|Any CPU
	EndGlobalSection
	GlobalSection(SolutionProperties) = preSolution
		HideSolutionNode = FALSE
	EndGlobalSection
EndGlobal
